
Microsoft Visual Studio Solution File, Format Version 12.00
# Visual Studio 2013
VisualStudioVersion = 12.0.31101.0
MinimumVisualStudioVersion = 10.0.40219.1
Project("{FAE04EC0-301F-11D3-BF4B-00C04F79EFBC}") = "WPF_sprinter", "WPF_sprinter\WPF_sprinter.csproj", "{39AD2FE1-B946-4EDC-8B58-B10F315E5035}"
EndProject
Project("{FAE04EC0-301F-11D3-BF4B-00C04F79EFBC}") = "DataContracts", "DataContracts\DataContracts.csproj", "{331BAB65-26E3-4A94-A4BA-35C46E6963AA}"
EndProject
Project("{FAE04EC0-301F-11D3-BF4B-00C04F79EFBC}") = "XMLDataProvider", "XMLDataProvider\XMLDataProvider.csproj", "{04AF6F19-60A1-4740-9813-48094ABC7921}"
EndProject
Project("{FAE04EC0-301F-11D3-BF4B-00C04F79EFBC}") = "Models", "Models\Models.csproj", "{7A3EDEBB-A1EB-46FA-A9DE-625E81FF32FF}"
EndProject
Project("{FAE04EC0-301F-11D3-BF4B-00C04F79EFBC}") = "RestDataProvider", "RestDataProvider\RestDataProvider.csproj", "{8E16313D-C8C9-4F2E-BE96-4E075B6BFF06}"
EndProject
Global
	GlobalSection(SolutionConfigurationPlatforms) = preSolution
		Debug|Any CPU = Debug|Any CPU
		Release|Any CPU = Release|Any CPU
	EndGlobalSection
	GlobalSection(ProjectConfigurationPlatforms) = postSolution
		{39AD2FE1-B946-4EDC-8B58-B10F315E5035}.Debug|Any CPU.ActiveCfg = Debug|Any CPU
		{39AD2FE1-B946-4EDC-8B58-B10F315E5035}.Debug|Any CPU.Build.0 = Debug|Any CPU
		{39AD2FE1-B946-4EDC-8B58-B10F315E5035}.Release|Any CPU.ActiveCfg = Release|Any CPU
		{39AD2FE1-B946-4EDC-8B58-B10F315E5035}.Release|Any CPU.Build.0 = Release|Any CPU
		{331BAB65-26E3-4A94-A4BA-35C46E6963AA}.Debug|Any CPU.ActiveCfg = Debug|Any CPU
		{331BAB65-26E3-4A94-A4BA-35C46E6963AA}.Debug|Any CPU.Build.0 = Debug|Any CPU
		{331BAB65-26E3-4A94-A4BA-35C46E6963AA}.Release|Any CPU.ActiveCfg = Release|Any CPU
		{331BAB65-26E3-4A94-A4BA-35C46E6963AA}.Release|Any CPU.Build.0 = Release|Any CPU
		{04AF6F19-60A1-4740-9813-48094ABC7921}.Debug|Any CPU.ActiveCfg = Debug|Any CPU
		{04AF6F19-60A1-4740-9813-48094ABC7921}.Debug|Any CPU.Build.0 = Debug|Any CPU
		{04AF6F19-60A1-4740-9813-48094ABC7921}.Release|Any CPU.ActiveCfg = Release|Any CPU
		{04AF6F19-60A1-4740-9813-48094ABC7921}.Release|Any CPU.Build.0 = Release|Any CPU
		{7A3EDEBB-A1EB-46FA-A9DE-625E81FF32FF}.Debug|Any CPU.ActiveCfg = Debug|Any CPU
		{7A3EDEBB-A1EB-46FA-A9DE-625E81FF32FF}.Debug|Any CPU.Build.0 = Debug|Any CPU
		{7A3EDEBB-A1EB-46FA-A9DE-625E81FF32FF}.Release|Any CPU.ActiveCfg = Release|Any CPU
		{7A3EDEBB-A1EB-46FA-A9DE-625E81FF32FF}.Release|Any CPU.Build.0 = Release|Any CPU
		{8E16313D-C8C9-4F2E-BE96-4E075B6BFF06}.Debug|Any CPU.ActiveCfg = Debug|Any CPU
		{8E16313D-C8C9-4F2E-BE96-4E075B6BFF06}.Debug|Any CPU.Build.0 = Debug|Any CPU
		{8E16313D-C8C9-4F2E-BE96-4E075B6BFF06}.Release|Any CPU.ActiveCfg = Release|Any CPU
		{8E16313D-C8C9-4F2E-BE96-4E075B6BFF06}.Release|Any CPU.Build.0 = Release|Any CPU
	EndGlobalSection
	GlobalSection(SolutionProperties) = preSolution
		HideSolutionNode = FALSE
	EndGlobalSection
EndGlobal
